
Microsoft Visual Studio Solution File, Format Version 12.00
# Visual Studio Version 17
VisualStudioVersion = 17.13.35818.85 d17.13
MinimumVisualStudioVersion = 10.0.40219.1
Project("{FAE04EC0-301F-11D3-BF4B-00C04F79EFBC}") = "calculadora milgrau", "calculadora milgrau.csproj", "{224A82FA-027C-49E9-94AF-FF50AF22F55C}"
EndProject
Global
	GlobalSection(SolutionConfigurationPlatforms) = preSolution
		Debug|Any CPU = Debug|Any CPU
		Release|Any CPU = Release|Any CPU
	EndGlobalSection
	GlobalSection(ProjectConfigurationPlatforms) = postSolution
		{224A82FA-027C-49E9-94AF-FF50AF22F55C}.Debug|Any CPU.ActiveCfg = Debug|Any CPU
		{224A82FA-027C-49E9-94AF-FF50AF22F55C}.Debug|Any CPU.Build.0 = Debug|Any CPU
		{224A82FA-027C-49E9-94AF-FF50AF22F55C}.Release|Any CPU.ActiveCfg = Release|Any CPU
		{224A82FA-027C-49E9-94AF-FF50AF22F55C}.Release|Any CPU.Build.0 = Release|Any CPU
	EndGlobalSection
	GlobalSection(SolutionProperties) = preSolution
		HideSolutionNode = FALSE
	EndGlobalSection
	GlobalSection(ExtensibilityGlobals) = postSolution
		SolutionGuid = {33BC81BF-6021-4AA1-B34A-CDD0DBEDB10F}
	EndGlobalSection
EndGlobal
